
Microsoft Visual Studio Solution File, Format Version 12.00
# Visual Studio Version 16
VisualStudioVersion = 16.0.33423.256
MinimumVisualStudioVersion = 10.0.40219.1
Project("{FAE04EC0-301F-11D3-BF4B-00C04F79EFBC}") = "WinWisper", "WinWisper.csproj", "{E01345F9-D799-4581-8E19-B81970CCAC36}"
EndProject
Global
	GlobalSection(SolutionConfigurationPlatforms) = preSolution
		Debug|Any CPU = Debug|Any CPU
		Release|Any CPU = Release|Any CPU
	EndGlobalSection
	GlobalSection(ProjectConfigurationPlatforms) = postSolution
		{E01345F9-D799-4581-8E19-B81970CCAC36}.Debug|Any CPU.ActiveCfg = Debug|Any CPU
		{E01345F9-D799-4581-8E19-B81970CCAC36}.Debug|Any CPU.Build.0 = Debug|Any CPU
		{E01345F9-D799-4581-8E19-B81970CCAC36}.Release|Any CPU.ActiveCfg = Release|Any CPU
		{E01345F9-D799-4581-8E19-B81970CCAC36}.Release|Any CPU.Build.0 = Release|Any CPU
	EndGlobalSection
	GlobalSection(SolutionProperties) = preSolution
		HideSolutionNode = FALSE
	EndGlobalSection
	GlobalSection(ExtensibilityGlobals) = postSolution
		SolutionGuid = {588BE936-674E-495A-B1EF-4B993645F269}
	EndGlobalSection
EndGlobal
